
Microsoft Visual Studio Solution File, Format Version 12.00
# Visual Studio Version 17
VisualStudioVersion = 17.8.34330.188
MinimumVisualStudioVersion = 10.0.40219.1
Project("{9A19103F-16F7-4668-BE54-9A1E7A4F7556}") = "xyDroidFolder", "xyDroidFolder\xyDroidFolder.csproj", "{B0C6EAA3-51AC-44E9-B162-A58903003F42}"
EndProject
Project("{2150E333-8FDC-42A3-9474-1A3956D46DE8}") = "Solution Items", "Solution Items", "{E9595A25-5A1F-4F4F-A6AC-3496C7D2AA4B}"
	ProjectSection(SolutionItems) = preProject
		note.txt = note.txt
		README.md = README.md
	EndProjectSection
EndProject
Project("{9A19103F-16F7-4668-BE54-9A1E7A4F7556}") = "xyDroidFolder.comm", "xyDroidFolder.comm\xyDroidFolder.comm.csproj", "{986320A2-CAB6-49AD-B818-34981935BE80}"
EndProject
Project("{9A19103F-16F7-4668-BE54-9A1E7A4F7556}") = "SimulateAndroid", "SimulateAndroid\SimulateAndroid.csproj", "{2F8258DC-94C9-44E8-9841-F30C515F66CA}"
EndProject
Project("{9A19103F-16F7-4668-BE54-9A1E7A4F7556}") = "xySoft.comm", "xySoft.comm\xySoft.comm.csproj", "{69BFF434-7080-41F6-BB69-A571ED6D4F6B}"
EndProject
Global
	GlobalSection(SolutionConfigurationPlatforms) = preSolution
		Debug|Any CPU = Debug|Any CPU
		Release|Any CPU = Release|Any CPU
	EndGlobalSection
	GlobalSection(ProjectConfigurationPlatforms) = postSolution
		{B0C6EAA3-51AC-44E9-B162-A58903003F42}.Debug|Any CPU.ActiveCfg = Debug|Any CPU
		{B0C6EAA3-51AC-44E9-B162-A58903003F42}.Debug|Any CPU.Build.0 = Debug|Any CPU
		{B0C6EAA3-51AC-44E9-B162-A58903003F42}.Release|Any CPU.ActiveCfg = Release|Any CPU
		{B0C6EAA3-51AC-44E9-B162-A58903003F42}.Release|Any CPU.Build.0 = Release|Any CPU
		{986320A2-CAB6-49AD-B818-34981935BE80}.Debug|Any CPU.ActiveCfg = Debug|Any CPU
		{986320A2-CAB6-49AD-B818-34981935BE80}.Debug|Any CPU.Build.0 = Debug|Any CPU
		{986320A2-CAB6-49AD-B818-34981935BE80}.Release|Any CPU.ActiveCfg = Release|Any CPU
		{986320A2-CAB6-49AD-B818-34981935BE80}.Release|Any CPU.Build.0 = Release|Any CPU
		{2F8258DC-94C9-44E8-9841-F30C515F66CA}.Debug|Any CPU.ActiveCfg = Debug|Any CPU
		{2F8258DC-94C9-44E8-9841-F30C515F66CA}.Debug|Any CPU.Build.0 = Debug|Any CPU
		{2F8258DC-94C9-44E8-9841-F30C515F66CA}.Release|Any CPU.ActiveCfg = Release|Any CPU
		{2F8258DC-94C9-44E8-9841-F30C515F66CA}.Release|Any CPU.Build.0 = Release|Any CPU
		{69BFF434-7080-41F6-BB69-A571ED6D4F6B}.Debug|Any CPU.ActiveCfg = Debug|Any CPU
		{69BFF434-7080-41F6-BB69-A571ED6D4F6B}.Debug|Any CPU.Build.0 = Debug|Any CPU
		{69BFF434-7080-41F6-BB69-A571ED6D4F6B}.Release|Any CPU.ActiveCfg = Release|Any CPU
		{69BFF434-7080-41F6-BB69-A571ED6D4F6B}.Release|Any CPU.Build.0 = Release|Any CPU
	EndGlobalSection
	GlobalSection(SolutionProperties) = preSolution
		HideSolutionNode = FALSE
	EndGlobalSection
	GlobalSection(ExtensibilityGlobals) = postSolution
		SolutionGuid = {6EAE169D-5575-47F6-BE31-85ECCC15379D}
	EndGlobalSection
EndGlobal
